{
  "name": "react-native-paypal-lib",
  "version": "1.0.9",
  "lockfileVersion": 1,
  "requires": true,
  "dependencies": {
    "expokit": {
      "version": "35.0.1",
      "resolved": "https://registry.npmjs.org/expokit/-/expokit-35.0.1.tgz",
      "integrity": "sha512-oyicTBydrSqdEQJHOp9mkL9gb6EXemWZyyfKMRHwysndcMETwfKducVnmc429gnhk+0lV9qDEiMSlY69FB5FZA==",
      "requires": {
        "jsc-android": "245459.0.0"
      }
    },
    "jsc-android": {
      "version": "245459.0.0",
      "resolved": "https://registry.npmjs.org/jsc-android/-/jsc-android-245459.0.0.tgz",
      "integrity": "sha512-wkjURqwaB1daNkDi2OYYbsLnIdC/lUM2nPXQKRs5pqEU9chDg435bjvo+LSaHotDENygHQDHe+ntUkkw2gwMtg=="
    }
  }
}
